
Microsoft Visual Studio Solution File, Format Version 12.00
# Visual Studio Version 16
VisualStudioVersion = 16.0.30413.136
MinimumVisualStudioVersion = 10.0.40219.1
Project("{8BC9CEB8-8B4A-11D0-8D11-00A0C91BC942}") = "a3_3", "a3_3\a3_3.vcxproj", "{085CC417-201E-4854-BFA2-22FA5622F825}"
EndProject
Global
	GlobalSection(SolutionConfigurationPlatforms) = preSolution
		Debug|x64 = Debug|x64
		Debug|x86 = Debug|x86
		Release|x64 = Release|x64
		Release|x86 = Release|x86
	EndGlobalSection
	GlobalSection(ProjectConfigurationPlatforms) = postSolution
		{085CC417-201E-4854-BFA2-22FA5622F825}.Debug|x64.ActiveCfg = Debug|x64
		{085CC417-201E-4854-BFA2-22FA5622F825}.Debug|x64.Build.0 = Debug|x64
		{085CC417-201E-4854-BFA2-22FA5622F825}.Debug|x86.ActiveCfg = Debug|Win32
		{085CC417-201E-4854-BFA2-22FA5622F825}.Debug|x86.Build.0 = Debug|Win32
		{085CC417-201E-4854-BFA2-22FA5622F825}.Release|x64.ActiveCfg = Release|x64
		{085CC417-201E-4854-BFA2-22FA5622F825}.Release|x64.Build.0 = Release|x64
		{085CC417-201E-4854-BFA2-22FA5622F825}.Release|x86.ActiveCfg = Release|Win32
		{085CC417-201E-4854-BFA2-22FA5622F825}.Release|x86.Build.0 = Release|Win32
	EndGlobalSection
	GlobalSection(SolutionProperties) = preSolution
		HideSolutionNode = FALSE
	EndGlobalSection
	GlobalSection(ExtensibilityGlobals) = postSolution
		SolutionGuid = {E0966AA6-60C9-4A57-9E7B-7BDD0471CC9F}
	EndGlobalSection
EndGlobal
